// !$*UTF8*$!
{
	archiveVersion = 1;
	classes = {
	};
	objectVersion = 46;
	objects = {

/* Begin PBXBuildFile section */
		99F00CE61A17476C00BEBB8C /* AppDelegate.swift in Sources */ = {isa = PBXBuildFile; fileRef = 99F00CE51A17476C00BEBB8C /* AppDelegate.swift */; };
		99F00CE81A17476C00BEBB8C /* ViewController.swift in Sources */ = {isa = PBXBuildFile; fileRef = 99F00CE71A17476C00BEBB8C /* ViewController.swift */; };
		99F00CEB1A17476C00BEBB8C /* Main.storyboard in Resources */ = {isa = PBXBuildFile; fileRef = 99F00CE91A17476C00BEBB8C /* Main.storyboard */; };
		99F00CED1A17476C00BEBB8C /* Images.xcassets in Resources */ = {isa = PBXBuildFile; fileRef = 99F00CEC1A17476C00BEBB8C /* Images.xcassets */; };
		99F00CF01A17476C00BEBB8C /* LaunchScreen.xib in Resources */ = {isa = PBXBuildFile; fileRef = 99F00CEE1A17476C00BEBB8C /* LaunchScreen.xib */; };
		99F00CFC1A17476C00BEBB8C /* UnlockerTests.swift in Sources */ = {isa = PBXBuildFile; fileRef = 99F00CFB1A17476C00BEBB8C /* UnlockerTests.swift */; };
/* End PBXBuildFile section */

/* Begin PBXContainerItemProxy section */
		99F00CF61A17476C00BEBB8C /* PBXContainerItemProxy */ = {
			isa = PBXContainerItemProxy;
			containerPortal = 99F00CD81A17476C00BEBB8C /* Project object */;
			proxyType = 1;
			remoteGlobalIDString = 99F00CDF1A17476C00BEBB8C;
			remoteInfo = Unlocker;
		};
/* End PBXContainerItemProxy section */

/* Begin PBXFileReference section */
		99F00CE01A17476C00BEBB8C /* Unlocker.app */ = {isa = PBXFileReference; explicitFileType = wrapper.application; includeInIndex = 0; path = Unlocker.app; sourceTree = BUILT_PRODUCTS_DIR; };
		99F00CE41A17476C00BEBB8C /* Info.plist */ = {isa = PBXFileReference; lastKnownFileType = text.plist.xml; path = Info.plist; sourceTree = "<group>"; };
		99F00CE51A17476C00BEBB8C /* AppDelegate.swift */ = {isa = PBXFileReference; lastKnownFileType = sourcecode.swift; path = AppDelegate.swift; sourceTree = "<group>"; };
		99F00CE71A17476C00BEBB8C /* ViewController.swift */ = {isa = PBXFileReference; lastKnownFileType = sourcecode.swift; path = ViewController.swift; sourceTree = "<group>"; };
		99F00CEA1A17476C00BEBB8C /* Base */ = {isa = PBXFileReference; lastKnownFileType = file.storyboard; name = Base; path = Base.lproj/Main.storyboard; sourceTree = "<group>"; };
		99F00CEC1A17476C00BEBB8C /* Images.xcassets */ = {isa = PBXFileReference; lastKnownFileType = folder.assetcatalog; path = Images.xcassets; sourceTree = "<group>"; };
		99F00CEF1A17476C00BEBB8C /* Base */ = {isa = PBXFileReference; lastKnownFileType = file.xib; name = Base; path = Base.lproj/LaunchScreen.xib; sourceTree = "<group>"; };
		99F00CF51A17476C00BEBB8C /* UnlockerTests.xctest */ = {isa = PBXFileReference; explicitFileType = wrapper.cfbundle; includeInIndex = 0; path = UnlockerTests.xctest; sourceTree = BUILT_PRODUCTS_DIR; };
		99F00CFA1A17476C00BEBB8C /* Info.plist */ = {isa = PBXFileReference; lastKnownFileType = text.plist.xml; path = Info.plist; sourceTree = "<group>"; };
		99F00CFB1A17476C00BEBB8C /* UnlockerTests.swift */ = {isa = PBXFileReference; lastKnownFileType = sourcecode.swift; path = UnlockerTests.swift; sourceTree = "<group>"; };
/* End PBXFileReference section */

/* Begin PBXFrameworksBuildPhase section */
		99F00CDD1A17476C00BEBB8C /* Frameworks */ = {
			isa = PBXFrameworksBuildPhase;
			buildActionMask = 2147483647;
			files = (
			);
			runOnlyForDeploymentPostprocessing = 0;
		};
		99F00CF21A17476C00BEBB8C /* Frameworks */ = {
			isa = PBXFrameworksBuildPhase;
			buildActionMask = 2147483647;
			files = (
			);
			runOnlyForDeploymentPostprocessing = 0;
		};
/* End PBXFrameworksBuildPhase section */

/* Begin PBXGroup section */
		99F00CD71A17476C00BEBB8C = {
			isa = PBXGroup;
			children = (
				99F00CE21A17476C00BEBB8C /* Unlocker */,
				99F00CF81A17476C00BEBB8C /* UnlockerTests */,
				99F00CE11A17476C00BEBB8C /* Products */,
			);
			sourceTree = "<group>";
		};
		99F00CE11A17476C00BEBB8C /* Products */ = {
			isa = PBXGroup;
			children = (
				99F00CE01A17476C00BEBB8C /* Unlocker.app */,
				99F00CF51A17476C00BEBB8C /* UnlockerTests.xctest */,
			);
			name = Products;
			sourceTree = "<group>";
		};
		99F00CE21A17476C00BEBB8C /* Unlocker */ = {
			isa = PBXGroup;
			children = (
				99F00CE51A17476C00BEBB8C /* AppDelegate.swift */,
				99F00CE71A17476C00BEBB8C /* ViewController.swift */,
				99F00CE91A17476C00BEBB8C /* Main.storyboard */,
				99F00CEC1A17476C00BEBB8C /* Images.xcassets */,
				99F00CEE1A17476C00BEBB8C /* LaunchScreen.xib */,
				99F00CE31A17476C00BEBB8C /* Supporting Files */,
			);
			path = Unlocker;
			sourceTree = "<group>";
		};
		99F00CE31A17476C00BEBB8C /* Supporting Files */ = {
			isa = PBXGroup;
			children = (
				99F00CE41A17476C00BEBB8C /* Info.plist */,
			);
			name = "Supporting Files";
			sourceTree = "<group>";
		};
		99F00CF81A17476C00BEBB8C /* UnlockerTests */ = {
			isa = PBXGroup;
			children = (
				99F00CFB1A17476C00BEBB8C /* UnlockerTests.swift */,
				99F00CF91A17476C00BEBB8C /* Supporting Files */,
			);
			path = UnlockerTests;
			sourceTree = "<group>";
		};
		99F00CF91A17476C00BEBB8C /* Supporting Files */ = {
			isa = PBXGroup;
			children = (
				99F00CFA1A17476C00BEBB8C /* Info.plist */,
			);
			name = "Supporting Files";
			sourceTree = "<group>";
		};
/* End PBXGroup section */

/* Begin PBXNativeTarget section */
		99F00CDF1A17476C00BEBB8C /* Unlocker */ = {
			isa = PBXNativeTarget;
			buildConfigurationList = 99F00CFF1A17476C00BEBB8C /* Build configuration list for PBXNativeTarget "Unlocker" */;
			buildPhases = (
				99F00CDC1A17476C00BEBB8C /* Sources */,
				99F00CDD1A17476C00BEBB8C /* Frameworks */,
				99F00CDE1A17476C00BEBB8C /* Resources */,
			);
			buildRules = (
			);
			dependencies = (
			);
			name = Unlocker;
			productName = Unlocker;
			productReference = 99F00CE01A17476C00BEBB8C /* Unlocker.app */;
			productType = "com.apple.product-type.application";
		};
		99F00CF41A17476C00BEBB8C /* UnlockerTests */ = {
			isa = PBXNativeTarget;
			buildConfigurationList = 99F00D021A17476C00BEBB8C /* Build configuration list for PBXNativeTarget "UnlockerTests" */;
			buildPhases = (
				99F00CF11A17476C00BEBB8C /* Sources */,
				99F00CF21A17476C00BEBB8C /* Frameworks */,
				99F00CF31A17476C00BEBB8C /* Resources */,
			);
			buildRules = (
			);
			dependencies = (
				99F00CF71A17476C00BEBB8C /* PBXTargetDependency */,
			);
			name = UnlockerTests;
			productName = UnlockerTests;
			productReference = 99F00CF51A17476C00BEBB8C /* UnlockerTests.xctest */;
			productType = "com.apple.product-type.bundle.unit-test";
		};
/* End PBXNativeTarget section */

/* Begin PBXProject section */
		99F00CD81A17476C00BEBB8C /* Project object */ = {
			isa = PBXProject;
			attributes = {
				LastUpgradeCheck = 0610;
				TargetAttributes = {
					99F00CDF1A17476C00BEBB8C = {
						CreatedOnToolsVersion = 6.1;
					};
					99F00CF41A17476C00BEBB8C = {
						CreatedOnToolsVersion = 6.1;
						TestTargetID = 99F00CDF1A17476C00BEBB8C;
					};
				};
			};
			buildConfigurationList = 99F00CDB1A17476C00BEBB8C /* Build configuration list for PBXProject "Unlocker" */;
			compatibilityVersion = "Xcode 3.2";
			developmentRegion = English;
			hasScannedForEncodings = 0;
			knownRegions = (
				en,
				Base,
			);
			mainGroup = 99F00CD71A17476C00BEBB8C;
			productRefGroup = 99F00CE11A17476C00BEBB8C /* Products */;
			projectDirPath = "";
			projectRoot = "";
			targets = (
				99F00CDF1A17476C00BEBB8C /* Unlocker */,
				99F00CF41A17476C00BEBB8C /* UnlockerTests */,
			);
		};
/* End PBXProject section */

/* Begin PBXResourcesBuildPhase section */
		99F00CDE1A17476C00BEBB8C /* Resources */ = {
			isa = PBXResourcesBuildPhase;
			buildActionMask = 2147483647;
			files = (
				99F00CEB1A17476C00BEBB8C /* Main.storyboard in Resources */,
				99F00CF01A17476C00BEBB8C /* LaunchScreen.xib in Resources */,
				99F00CED1A17476C00BEBB8C /* Images.xcassets in Resources */,
			);
			runOnlyForDeploymentPostprocessing = 0;
		};
		99F00CF31A17476C00BEBB8C /* Resources */ = {
			isa = PBXResourcesBuildPhase;
			buildActionMask = 2147483647;
			files = (
			);
			runOnlyForDeploymentPostprocessing = 0;
		};
/* End PBXResourcesBuildPhase section */

/* Begin PBXSourcesBuildPhase section */
		99F00CDC1A17476C00BEBB8C /* Sources */ = {
			isa = PBXSourcesBuildPhase;
			buildActionMask = 2147483647;
			files = (
				99F00CE81A17476C00BEBB8C /* ViewController.swift in Sources */,
				99F00CE61A17476C00BEBB8C /* AppDelegate.swift in Sources */,
			);
			runOnlyForDeploymentPostprocessing = 0;
		};
		99F00CF11A17476C00BEBB8C /* Sources */ = {
			isa = PBXSourcesBuildPhase;
			buildActionMask = 2147483647;
			files = (
				99F00CFC1A17476C00BEBB8C /* UnlockerTests.swift in Sources */,
			);
			runOnlyForDeploymentPostprocessing = 0;
		};
/* End PBXSourcesBuildPhase section */

/* Begin PBXTargetDependency section */
		99F00CF71A17476C00BEBB8C /* PBXTargetDependency */ = {
			isa = PBXTargetDependency;
			target = 99F00CDF1A17476C00BEBB8C /* Unlocker */;
			targetProxy = 99F00CF61A17476C00BEBB8C /* PBXContainerItemProxy */;
		};
/* End PBXTargetDependency section */

/* Begin PBXVariantGroup section */
		99F00CE91A17476C00BEBB8C /* Main.storyboard */ = {
			isa = PBXVariantGroup;
			children = (
				99F00CEA1A17476C00BEBB8C /* Base */,
			);
			name = Main.storyboard;
			sourceTree = "<group>";
		};
		99F00CEE1A17476C00BEBB8C /* LaunchScreen.xib */ = {
			isa = PBXVariantGroup;
			children = (
				99F00CEF1A17476C00BEBB8C /* Base */,
			);
			name = LaunchScreen.xib;
			sourceTree = "<group>";
		};
/* End PBXVariantGroup section */

/* Begin XCBuildConfiguration section */
		99F00CFD1A17476C00BEBB8C /* Debug */ = {
			isa = XCBuildConfiguration;
			buildSettings = {
				ALWAYS_SEARCH_USER_PATHS = NO;
				CLANG_CXX_LANGUAGE_STANDARD = "gnu++0x";
				CLANG_CXX_LIBRARY = "libc++";
				CLANG_ENABLE_MODULES = YES;
				CLANG_ENABLE_OBJC_ARC = YES;
				CLANG_WARN_BOOL_CONVERSION = YES;
				CLANG_WARN_CONSTANT_CONVERSION = YES;
				CLANG_WARN_DIRECT_OBJC_ISA_USAGE = YES_ERROR;
				CLANG_WARN_EMPTY_BODY = YES;
				CLANG_WARN_ENUM_CONVERSION = YES;
				CLANG_WARN_INT_CONVERSION = YES;
				CLANG_WARN_OBJC_ROOT_CLASS = YES_ERROR;
				CLANG_WARN_UNREACHABLE_CODE = YES;
				CLANG_WARN__DUPLICATE_METHOD_MATCH = YES;
				"CODE_SIGN_IDENTITY[sdk=iphoneos*]" = "iPhone Developer";
				COPY_PHASE_STRIP = NO;
				ENABLE_STRICT_OBJC_MSGSEND = YES;
				GCC_C_LANGUAGE_STANDARD = gnu99;
				GCC_DYNAMIC_NO_PIC = NO;
				GCC_OPTIMIZATION_LEVEL = 0;
				GCC_PREPROCESSOR_DEFINITIONS = (
					"DEBUG=1",
					"$(inherited)",
				);
				GCC_SYMBOLS_PRIVATE_EXTERN = NO;
				GCC_WARN_64_TO_32_BIT_CONVERSION = YES;
				GCC_WARN_ABOUT_RETURN_TYPE = YES_ERROR;
				GCC_WARN_UNDECLARED_SELECTOR = YES;
				GCC_WARN_UNINITIALIZED_AUTOS = YES_AGGRESSIVE;
				GCC_WARN_UNUSED_FUNCTION = YES;
				GCC_WARN_UNUSED_VARIABLE = YES;
				IPHONEOS_DEPLOYMENT_TARGET = 8.1;
				MTL_ENABLE_DEBUG_INFO = YES;
				ONLY_ACTIVE_ARCH = YES;
				SDKROOT = iphoneos;
				SWIFT_OPTIMIZATION_LEVEL = "-Onone";
			};
			name = Debug;
		};
		99F00CFE1A17476C00BEBB8C /* Release */ = {
			isa = XCBuildConfiguration;
			buildSettings = {
				ALWAYS_SEARCH_USER_PATHS = NO;
				CLANG_CXX_LANGUAGE_STANDARD = "gnu++0x";
				CLANG_CXX_LIBRARY = "libc++";
				CLANG_ENABLE_MODULES = YES;
				CLANG_ENABLE_OBJC_ARC = YES;
				CLANG_WARN_BOOL_CONVERSION = YES;
				CLANG_WARN_CONSTANT_CONVERSION = YES;
				CLANG_WARN_DIRECT_OBJC_ISA_USAGE = YES_ERROR;
				CLANG_WARN_EMPTY_BODY = YES;
				CLANG_WARN_ENUM_CONVERSION = YES;
				CLANG_WARN_INT_CONVERSION = YES;
				CLANG_WARN_OBJC_ROOT_CLASS = YES_ERROR;
				CLANG_WARN_UNREACHABLE_CODE = YES;
				CLANG_WARN__DUPLICATE_METHOD_MATCH = YES;
				"CODE_SIGN_IDENTITY[sdk=iphoneos*]" = "iPhone Developer";
				COPY_PHASE_STRIP = YES;
				ENABLE_NS_ASSERTIONS = NO;
				ENABLE_STRICT_OBJC_MSGSEND = YES;
				GCC_C_LANGUAGE_STANDARD = gnu99;
				GCC_WARN_64_TO_32_BIT_CONVERSION = YES;
				GCC_WARN_ABOUT_RETURN_TYPE = YES_ERROR;
				GCC_WARN_UNDECLARED_SELECTOR = YES;
				GCC_WARN_UNINITIALIZED_AUTOS = YES_AGGRESSIVE;
				GCC_WARN_UNUSED_FUNCTION = YES;
				GCC_WARN_UNUSED_VARIABLE = YES;
				IPHONEOS_DEPLOYMENT_TARGET = 8.1;
				MTL_ENABLE_DEBUG_INFO = NO;
				SDKROOT = iphoneos;
				VALIDATE_PRODUCT = YES;
			};
			name = Release;
		};
		99F00D001A17476C00BEBB8C /* Debug */ = {
			isa = XCBuildConfiguration;
			buildSettings = {
				ASSETCATALOG_COMPILER_APPICON_NAME = AppIcon;
				INFOPLIST_FILE = Unlocker/Info.plist;
				LD_RUNPATH_SEARCH_PATHS = "$(inherited) @executable_path/Frameworks";
				PRODUCT_NAME = "$(TARGET_NAME)";
			};
			name = Debug;
		};
		99F00D011A17476C00BEBB8C /* Release */ = {
			isa = XCBuildConfiguration;
			buildSettings = {
				ASSETCATALOG_COMPILER_APPICON_NAME = AppIcon;
				INFOPLIST_FILE = Unlocker/Info.plist;
				LD_RUNPATH_SEARCH_PATHS = "$(inherited) @executable_path/Frameworks";
				PRODUCT_NAME = "$(TARGET_NAME)";
			};
			name = Release;
		};
		99F00D031A17476C00BEBB8C /* Debug */ = {
			isa = XCBuildConfiguration;
			buildSettings = {
				BUNDLE_LOADER = "$(TEST_HOST)";
				FRAMEWORK_SEARCH_PATHS = (
					"$(SDKROOT)/Developer/Library/Frameworks",
					"$(inherited)",
				);
				GCC_PREPROCESSOR_DEFINITIONS = (
					"DEBUG=1",
					"$(inherited)",
				);
				INFOPLIST_FILE = UnlockerTests/Info.plist;
				LD_RUNPATH_SEARCH_PATHS = "$(inherited) @executable_path/Frameworks @loader_path/Frameworks";
				PRODUCT_NAME = "$(TARGET_NAME)";
				TEST_HOST = "$(BUILT_PRODUCTS_DIR)/Unlocker.app/Unlocker";
			};
			name = Debug;
		};
		99F00D041A17476C00BEBB8C /* Release */ = {
			isa = XCBuildConfiguration;
			buildSettings = {
				BUNDLE_LOADER = "$(TEST_HOST)";
				FRAMEWORK_SEARCH_PATHS = (
					"$(SDKROOT)/Developer/Library/Frameworks",
					"$(inherited)",
				);
				INFOPLIST_FILE = UnlockerTests/Info.plist;
				LD_RUNPATH_SEARCH_PATHS = "$(inherited) @executable_path/Frameworks @loader_path/Frameworks";
				PRODUCT_NAME = "$(TARGET_NAME)";
				TEST_HOST = "$(BUILT_PRODUCTS_DIR)/Unlocker.app/Unlocker";
			};
			name = Release;
		};
/* End XCBuildConfiguration section */

/* Begin XCConfigurationList section */
		99F00CDB1A17476C00BEBB8C /* Build configuration list for PBXProject "Unlocker" */ = {
			isa = XCConfigurationList;
			buildConfigurations = (
				99F00CFD1A17476C00BEBB8C /* Debug */,
				99F00CFE1A17476C00BEBB8C /* Release */,
			);
			defaultConfigurationIsVisible = 0;
			defaultConfigurationName = Release;
		};
		99F00CFF1A17476C00BEBB8C /* Build configuration list for PBXNativeTarget "Unlocker" */ = {
			isa = XCConfigurationList;
			buildConfigurations = (
				99F00D001A17476C00BEBB8C /* Debug */,
				99F00D011A17476C00BEBB8C /* Release */,
			);
			defaultConfigurationIsVisible = 0;
		};
		99F00D021A17476C00BEBB8C /* Build configuration list for PBXNativeTarget "UnlockerTests" */ = {
			isa = XCConfigurationList;
			buildConfigurations = (
				99F00D031A17476C00BEBB8C /* Debug */,
				99F00D041A17476C00BEBB8C /* Release */,
			);
			defaultConfigurationIsVisible = 0;
		};
/* End XCConfigurationList section */
	};
	rootObject = 99F00CD81A17476C00BEBB8C /* Project object */;
}
